
Microsoft Visual Studio Solution File, Format Version 12.00
# Visual Studio Version 17
VisualStudioVersion = 17.11.35312.102
MinimumVisualStudioVersion = 10.0.40219.1
Project("{2150E333-8FDC-42A3-9474-1A3956D46DE8}") = "Task1", "Task1", "{6E0DE8CA-F9D8-4C26-8C35-D3A20B17BC37}"
EndProject
Project("{9A19103F-16F7-4668-BE54-9A1E7A4F7556}") = "Tyuiu.TodikovDE.Sprint0.Task1.V0", "Tyuiu.TodikovDE.Sprint0.Task1.V0\Tyuiu.TodikovDE.Sprint0.Task1.V0.csproj", "{5B534163-180E-46AE-8DBA-E29E542679D6}"
EndProject
Project("{FAE04EC0-301F-11D3-BF4B-00C04F79EFBC}") = "Tyuiu.TodikovDE.Sprint0.Task2.V0", "Tyuiu.TodikovDE.Sprint0.Task2.V0\Tyuiu.TodikovDE.Sprint0.Task2.V0.csproj", "{BD194058-6551-4E27-91B5-BCB2EE6C91CC}"
EndProject
Project("{2150E333-8FDC-42A3-9474-1A3956D46DE8}") = "Task2", "Task2", "{7066BCC0-37EA-4AEC-8C92-98E4D755ABB7}"
EndProject
Project("{9A19103F-16F7-4668-BE54-9A1E7A4F7556}") = "Tyuiu.TodikovDE.Sprint0.Task2", "Tyuiu.TodikovDE.Sprint0.Task2\Tyuiu.TodikovDE.Sprint0.Task2.csproj", "{9BB7D79C-C9BA-40ED-8CEF-61D038D2F2A8}"
EndProject
Project("{2150E333-8FDC-42A3-9474-1A3956D46DE8}") = "Task3", "Task3", "{E703B892-7F8A-46C6-AE8B-05F7682A0A42}"
EndProject
Project("{9A19103F-16F7-4668-BE54-9A1E7A4F7556}") = "Tyuiu.TodikovDE.Sprint0.Task3", "Tyuiu.TodikovDE.Sprint0.Task 3\Tyuiu.TodikovDE.Sprint0.Task3.csproj", "{3C240993-80ED-4A1B-B887-81B005C40BD3}"
EndProject
Project("{9A19103F-16F7-4668-BE54-9A1E7A4F7556}") = "Tyuiu.TodikovDE.Sprint0.Task3.Lib", "Tyuiu.TodikovDE.Sprint0.Task 3.Lib\Tyuiu.TodikovDE.Sprint0.Task3.Lib.csproj", "{ED2677C4-4163-4A98-8B50-09F10850A5F6}"
EndProject
Project("{9A19103F-16F7-4668-BE54-9A1E7A4F7556}") = "Tyuiu.TodikovDE.Sprint0.Task3.Test", "Tyuiu.TodikovDE.Sprint0.Task3.Test\Tyuiu.TodikovDE.Sprint0.Task3.Test.csproj", "{1269C79E-174D-4882-A405-C54E5D231258}"
EndProject
Project("{2150E333-8FDC-42A3-9474-1A3956D46DE8}") = "Task4", "Task4", "{66413FE7-21F6-46F1-9B37-FA40FCC3C08B}"
EndProject
Project("{FAE04EC0-301F-11D3-BF4B-00C04F79EFBC}") = "Tyuiu.TodikovDE.Sprint0.Task4", "Tyuiu.TodikovDE.Sprint0.Task4\Tyuiu.TodikovDE.Sprint0.Task4.csproj", "{8ED22CCC-DF0A-4A0F-8CB0-02F5B57F542B}"
EndProject
Project("{FAE04EC0-301F-11D3-BF4B-00C04F79EFBC}") = "Tyuiu.TodikovDE.Sprint0.Task4.Lib", "Tyuiu.TodikovDE.Sprint0.Task4.Lib\Tyuiu.TodikovDE.Sprint0.Task4.Lib.csproj", "{01C29EE4-98CD-41D1-B77F-CF11C6B1A91D}"
EndProject
Project("{FAE04EC0-301F-11D3-BF4B-00C04F79EFBC}") = "Tyuiu.TodkovDE.Sprint0.Task4.Test", "Tyuiu.TodkovDE.Sprint0.Task4.Test\Tyuiu.TodkovDE.Sprint0.Task4.Test.csproj", "{1045C48B-BEEB-470E-9D82-E16807818D84}"
EndProject
Project("{2150E333-8FDC-42A3-9474-1A3956D46DE8}") = "Task5", "Task5", "{C7B97870-1BDB-45FB-B72F-1EDCC68E050D}"
EndProject
Project("{FAE04EC0-301F-11D3-BF4B-00C04F79EFBC}") = "Tyuiu.TodikovDE.Sprint0.Task5.V0", "Tyuiu.TodikovDE.Sprint0.Task5.V0\Tyuiu.TodikovDE.Sprint0.Task5.V0.csproj", "{FD24F007-B4E0-4F61-9079-3C42318757D1}"
EndProject
Project("{FAE04EC0-301F-11D3-BF4B-00C04F79EFBC}") = "Tyuiu.TodikovDE.Sprint0.Task5.V0.Lib", "Tyuiu.TodikovDE.Sprint0.Task5.V0.Lib\Tyuiu.TodikovDE.Sprint0.Task5.V0.Lib.csproj", "{CADD76F1-0B9D-48DA-97EB-449CDB2197D4}"
EndProject
Project("{FAE04EC0-301F-11D3-BF4B-00C04F79EFBC}") = "Tyuiu.TodikovDE.Sprint0.Task5.V0.Test", "Tyuiu.TodikovDE.Sprint0.Task5.V0.Test\Tyuiu.TodikovDE.Sprint0.Task5.V0.Test.csproj", "{2015686F-DF73-4E24-907A-97E3B9D29D0A}"
EndProject
Project("{2150E333-8FDC-42A3-9474-1A3956D46DE8}") = "Task6", "Task6", "{250AB397-49FD-4826-B84F-715D0CC3BA1F}"
EndProject
Project("{FAE04EC0-301F-11D3-BF4B-00C04F79EFBC}") = "Tyuiu.TodikovDE.Sprint0.Task6.V0", "Tyuiu.TodikovDE.Sprint0.Task6.V0\Tyuiu.TodikovDE.Sprint0.Task6.V0.csproj", "{456769D3-B376-45AD-8AE4-C8E1CD7B6EB9}"
EndProject
Project("{FAE04EC0-301F-11D3-BF4B-00C04F79EFBC}") = "Tyuiu.TodikovDE.Sprint0.Task6.V0.Lib", "Tyuiu.TodikovDE.Sprint0.Task6.V0.Lib\Tyuiu.TodikovDE.Sprint0.Task6.V0.Lib.csproj", "{947D921D-D32A-4A19-8F7E-99A89F38DA6F}"
EndProject
Project("{FAE04EC0-301F-11D3-BF4B-00C04F79EFBC}") = "Tyuiu.TodikovDE.Sprint0.Task6.V0.Test", "Tyuiu.TodkovDE.Sprint0.Task6.V0.Test\Tyuiu.TodikovDE.Sprint0.Task6.V0.Test.csproj", "{A5D405D8-3EA1-4474-9EF7-ED111384AFB9}"
EndProject
Global
	GlobalSection(SolutionConfigurationPlatforms) = preSolution
		Debug|Any CPU = Debug|Any CPU
		Release|Any CPU = Release|Any CPU
	EndGlobalSection
	GlobalSection(ProjectConfigurationPlatforms) = postSolution
		{5B534163-180E-46AE-8DBA-E29E542679D6}.Debug|Any CPU.ActiveCfg = Debug|Any CPU
		{5B534163-180E-46AE-8DBA-E29E542679D6}.Debug|Any CPU.Build.0 = Debug|Any CPU
		{5B534163-180E-46AE-8DBA-E29E542679D6}.Release|Any CPU.ActiveCfg = Release|Any CPU
		{5B534163-180E-46AE-8DBA-E29E542679D6}.Release|Any CPU.Build.0 = Release|Any CPU
		{BD194058-6551-4E27-91B5-BCB2EE6C91CC}.Debug|Any CPU.ActiveCfg = Debug|Any CPU
		{BD194058-6551-4E27-91B5-BCB2EE6C91CC}.Debug|Any CPU.Build.0 = Debug|Any CPU
		{BD194058-6551-4E27-91B5-BCB2EE6C91CC}.Release|Any CPU.ActiveCfg = Release|Any CPU
		{BD194058-6551-4E27-91B5-BCB2EE6C91CC}.Release|Any CPU.Build.0 = Release|Any CPU
		{9BB7D79C-C9BA-40ED-8CEF-61D038D2F2A8}.Debug|Any CPU.ActiveCfg = Debug|Any CPU
		{9BB7D79C-C9BA-40ED-8CEF-61D038D2F2A8}.Debug|Any CPU.Build.0 = Debug|Any CPU
		{9BB7D79C-C9BA-40ED-8CEF-61D038D2F2A8}.Release|Any CPU.ActiveCfg = Release|Any CPU
		{9BB7D79C-C9BA-40ED-8CEF-61D038D2F2A8}.Release|Any CPU.Build.0 = Release|Any CPU
		{3C240993-80ED-4A1B-B887-81B005C40BD3}.Debug|Any CPU.ActiveCfg = Debug|Any CPU
		{3C240993-80ED-4A1B-B887-81B005C40BD3}.Debug|Any CPU.Build.0 = Debug|Any CPU
		{3C240993-80ED-4A1B-B887-81B005C40BD3}.Release|Any CPU.ActiveCfg = Release|Any CPU
		{3C240993-80ED-4A1B-B887-81B005C40BD3}.Release|Any CPU.Build.0 = Release|Any CPU
		{ED2677C4-4163-4A98-8B50-09F10850A5F6}.Debug|Any CPU.ActiveCfg = Debug|Any CPU
		{ED2677C4-4163-4A98-8B50-09F10850A5F6}.Debug|Any CPU.Build.0 = Debug|Any CPU
		{ED2677C4-4163-4A98-8B50-09F10850A5F6}.Release|Any CPU.ActiveCfg = Release|Any CPU
		{ED2677C4-4163-4A98-8B50-09F10850A5F6}.Release|Any CPU.Build.0 = Release|Any CPU
		{1269C79E-174D-4882-A405-C54E5D231258}.Debug|Any CPU.ActiveCfg = Debug|Any CPU
		{1269C79E-174D-4882-A405-C54E5D231258}.Debug|Any CPU.Build.0 = Debug|Any CPU
		{1269C79E-174D-4882-A405-C54E5D231258}.Release|Any CPU.ActiveCfg = Release|Any CPU
		{1269C79E-174D-4882-A405-C54E5D231258}.Release|Any CPU.Build.0 = Release|Any CPU
		{8ED22CCC-DF0A-4A0F-8CB0-02F5B57F542B}.Debug|Any CPU.ActiveCfg = Debug|Any CPU
		{8ED22CCC-DF0A-4A0F-8CB0-02F5B57F542B}.Debug|Any CPU.Build.0 = Debug|Any CPU
		{8ED22CCC-DF0A-4A0F-8CB0-02F5B57F542B}.Release|Any CPU.ActiveCfg = Release|Any CPU
		{8ED22CCC-DF0A-4A0F-8CB0-02F5B57F542B}.Release|Any CPU.Build.0 = Release|Any CPU
		{01C29EE4-98CD-41D1-B77F-CF11C6B1A91D}.Debug|Any CPU.ActiveCfg = Debug|Any CPU
		{01C29EE4-98CD-41D1-B77F-CF11C6B1A91D}.Debug|Any CPU.Build.0 = Debug|Any CPU
		{01C29EE4-98CD-41D1-B77F-CF11C6B1A91D}.Release|Any CPU.ActiveCfg = Release|Any CPU
		{01C29EE4-98CD-41D1-B77F-CF11C6B1A91D}.Release|Any CPU.Build.0 = Release|Any CPU
		{1045C48B-BEEB-470E-9D82-E16807818D84}.Debug|Any CPU.ActiveCfg = Debug|Any CPU
		{1045C48B-BEEB-470E-9D82-E16807818D84}.Debug|Any CPU.Build.0 = Debug|Any CPU
		{1045C48B-BEEB-470E-9D82-E16807818D84}.Release|Any CPU.ActiveCfg = Release|Any CPU
		{1045C48B-BEEB-470E-9D82-E16807818D84}.Release|Any CPU.Build.0 = Release|Any CPU
		{FD24F007-B4E0-4F61-9079-3C42318757D1}.Debug|Any CPU.ActiveCfg = Debug|Any CPU
		{FD24F007-B4E0-4F61-9079-3C42318757D1}.Debug|Any CPU.Build.0 = Debug|Any CPU
		{FD24F007-B4E0-4F61-9079-3C42318757D1}.Release|Any CPU.ActiveCfg = Release|Any CPU
		{FD24F007-B4E0-4F61-9079-3C42318757D1}.Release|Any CPU.Build.0 = Release|Any CPU
		{CADD76F1-0B9D-48DA-97EB-449CDB2197D4}.Debug|Any CPU.ActiveCfg = Debug|Any CPU
		{CADD76F1-0B9D-48DA-97EB-449CDB2197D4}.Debug|Any CPU.Build.0 = Debug|Any CPU
		{CADD76F1-0B9D-48DA-97EB-449CDB2197D4}.Release|Any CPU.ActiveCfg = Release|Any CPU
		{CADD76F1-0B9D-48DA-97EB-449CDB2197D4}.Release|Any CPU.Build.0 = Release|Any CPU
		{2015686F-DF73-4E24-907A-97E3B9D29D0A}.Debug|Any CPU.ActiveCfg = Debug|Any CPU
		{2015686F-DF73-4E24-907A-97E3B9D29D0A}.Debug|Any CPU.Build.0 = Debug|Any CPU
		{2015686F-DF73-4E24-907A-97E3B9D29D0A}.Release|Any CPU.ActiveCfg = Release|Any CPU
		{2015686F-DF73-4E24-907A-97E3B9D29D0A}.Release|Any CPU.Build.0 = Release|Any CPU
		{456769D3-B376-45AD-8AE4-C8E1CD7B6EB9}.Debug|Any CPU.ActiveCfg = Debug|Any CPU
		{456769D3-B376-45AD-8AE4-C8E1CD7B6EB9}.Debug|Any CPU.Build.0 = Debug|Any CPU
		{456769D3-B376-45AD-8AE4-C8E1CD7B6EB9}.Release|Any CPU.ActiveCfg = Release|Any CPU
		{456769D3-B376-45AD-8AE4-C8E1CD7B6EB9}.Release|Any CPU.Build.0 = Release|Any CPU
		{947D921D-D32A-4A19-8F7E-99A89F38DA6F}.Debug|Any CPU.ActiveCfg = Debug|Any CPU
		{947D921D-D32A-4A19-8F7E-99A89F38DA6F}.Debug|Any CPU.Build.0 = Debug|Any CPU
		{947D921D-D32A-4A19-8F7E-99A89F38DA6F}.Release|Any CPU.ActiveCfg = Release|Any CPU
		{947D921D-D32A-4A19-8F7E-99A89F38DA6F}.Release|Any CPU.Build.0 = Release|Any CPU
		{A5D405D8-3EA1-4474-9EF7-ED111384AFB9}.Debug|Any CPU.ActiveCfg = Debug|Any CPU
		{A5D405D8-3EA1-4474-9EF7-ED111384AFB9}.Debug|Any CPU.Build.0 = Debug|Any CPU
		{A5D405D8-3EA1-4474-9EF7-ED111384AFB9}.Release|Any CPU.ActiveCfg = Release|Any CPU
		{A5D405D8-3EA1-4474-9EF7-ED111384AFB9}.Release|Any CPU.Build.0 = Release|Any CPU
	EndGlobalSection
	GlobalSection(SolutionProperties) = preSolution
		HideSolutionNode = FALSE
	EndGlobalSection
	GlobalSection(NestedProjects) = preSolution
		{5B534163-180E-46AE-8DBA-E29E542679D6} = {6E0DE8CA-F9D8-4C26-8C35-D3A20B17BC37}
		{BD194058-6551-4E27-91B5-BCB2EE6C91CC} = {6E0DE8CA-F9D8-4C26-8C35-D3A20B17BC37}
		{9BB7D79C-C9BA-40ED-8CEF-61D038D2F2A8} = {7066BCC0-37EA-4AEC-8C92-98E4D755ABB7}
		{3C240993-80ED-4A1B-B887-81B005C40BD3} = {E703B892-7F8A-46C6-AE8B-05F7682A0A42}
		{ED2677C4-4163-4A98-8B50-09F10850A5F6} = {E703B892-7F8A-46C6-AE8B-05F7682A0A42}
		{1269C79E-174D-4882-A405-C54E5D231258} = {E703B892-7F8A-46C6-AE8B-05F7682A0A42}
		{8ED22CCC-DF0A-4A0F-8CB0-02F5B57F542B} = {66413FE7-21F6-46F1-9B37-FA40FCC3C08B}
		{01C29EE4-98CD-41D1-B77F-CF11C6B1A91D} = {66413FE7-21F6-46F1-9B37-FA40FCC3C08B}
		{1045C48B-BEEB-470E-9D82-E16807818D84} = {66413FE7-21F6-46F1-9B37-FA40FCC3C08B}
		{FD24F007-B4E0-4F61-9079-3C42318757D1} = {C7B97870-1BDB-45FB-B72F-1EDCC68E050D}
		{CADD76F1-0B9D-48DA-97EB-449CDB2197D4} = {C7B97870-1BDB-45FB-B72F-1EDCC68E050D}
		{2015686F-DF73-4E24-907A-97E3B9D29D0A} = {C7B97870-1BDB-45FB-B72F-1EDCC68E050D}
		{456769D3-B376-45AD-8AE4-C8E1CD7B6EB9} = {250AB397-49FD-4826-B84F-715D0CC3BA1F}
		{947D921D-D32A-4A19-8F7E-99A89F38DA6F} = {250AB397-49FD-4826-B84F-715D0CC3BA1F}
		{A5D405D8-3EA1-4474-9EF7-ED111384AFB9} = {250AB397-49FD-4826-B84F-715D0CC3BA1F}
	EndGlobalSection
	GlobalSection(ExtensibilityGlobals) = postSolution
		SolutionGuid = {0342F948-3541-4578-9774-D359F660FAC1}
	EndGlobalSection
EndGlobal
